
Microsoft Visual Studio Solution File, Format Version 12.00
# Visual Studio Version 16
VisualStudioVersion = 16.0.30717.126
MinimumVisualStudioVersion = 10.0.40219.1
Project("{FAE04EC0-301F-11D3-BF4B-00C04F79EFBC}") = "Reporting Assistant", "Reporting Assistant\Reporting Assistant.csproj", "{DF95E36D-FAA7-418A-BC03-4335D726A201}"
EndProject
Global
	GlobalSection(SolutionConfigurationPlatforms) = preSolution
		Debug|Any CPU = Debug|Any CPU
		Release|Any CPU = Release|Any CPU
	EndGlobalSection
	GlobalSection(ProjectConfigurationPlatforms) = postSolution
		{DF95E36D-FAA7-418A-BC03-4335D726A201}.Debug|Any CPU.ActiveCfg = Debug|Any CPU
		{DF95E36D-FAA7-418A-BC03-4335D726A201}.Debug|Any CPU.Build.0 = Debug|Any CPU
		{DF95E36D-FAA7-418A-BC03-4335D726A201}.Release|Any CPU.ActiveCfg = Release|Any CPU
		{DF95E36D-FAA7-418A-BC03-4335D726A201}.Release|Any CPU.Build.0 = Release|Any CPU
	EndGlobalSection
	GlobalSection(SolutionProperties) = preSolution
		HideSolutionNode = FALSE
	EndGlobalSection
	GlobalSection(ExtensibilityGlobals) = postSolution
		SolutionGuid = {CC068852-36B1-4539-BBFD-A544EEADEA6B}
	EndGlobalSection
EndGlobal
